
Microsoft Visual Studio Solution File, Format Version 12.00
# Visual Studio Version 16
VisualStudioVersion = 16.0.30611.23
MinimumVisualStudioVersion = 10.0.40219.1
Project("{9A19103F-16F7-4668-BE54-9A1E7A4F7556}") = "Assembly-BrowserLib", "Assembly-BrowserLib\Assembly-BrowserLib.csproj", "{E556A4E4-6FFF-4BF0-B4FC-D3FE95299BB4}"
EndProject
Project("{9A19103F-16F7-4668-BE54-9A1E7A4F7556}") = "Assembly-Browser.Test", "Assembly-Browser.Test\Assembly-Browser.Test.csproj", "{3BC55E4E-EC29-4741-AC42-DD04B7ED654C}"
EndProject
Project("{9A19103F-16F7-4668-BE54-9A1E7A4F7556}") = "Browser", "Browser\Browser.csproj", "{F435C6F2-6F6C-4321-A22F-5EDEAC71BC8B}"
EndProject
Project("{FAE04EC0-301F-11D3-BF4B-00C04F79EFBC}") = "EXEProject", "EXEProject\EXEProject.csproj", "{E6EE73DC-F238-4078-B406-394EAD9A97FD}"
EndProject
Global
	GlobalSection(SolutionConfigurationPlatforms) = preSolution
		Debug|Any CPU = Debug|Any CPU
		Release|Any CPU = Release|Any CPU
	EndGlobalSection
	GlobalSection(ProjectConfigurationPlatforms) = postSolution
		{E556A4E4-6FFF-4BF0-B4FC-D3FE95299BB4}.Debug|Any CPU.ActiveCfg = Debug|Any CPU
		{E556A4E4-6FFF-4BF0-B4FC-D3FE95299BB4}.Debug|Any CPU.Build.0 = Debug|Any CPU
		{E556A4E4-6FFF-4BF0-B4FC-D3FE95299BB4}.Release|Any CPU.ActiveCfg = Release|Any CPU
		{E556A4E4-6FFF-4BF0-B4FC-D3FE95299BB4}.Release|Any CPU.Build.0 = Release|Any CPU
		{3BC55E4E-EC29-4741-AC42-DD04B7ED654C}.Debug|Any CPU.ActiveCfg = Debug|Any CPU
		{3BC55E4E-EC29-4741-AC42-DD04B7ED654C}.Debug|Any CPU.Build.0 = Debug|Any CPU
		{3BC55E4E-EC29-4741-AC42-DD04B7ED654C}.Release|Any CPU.ActiveCfg = Release|Any CPU
		{3BC55E4E-EC29-4741-AC42-DD04B7ED654C}.Release|Any CPU.Build.0 = Release|Any CPU
		{F435C6F2-6F6C-4321-A22F-5EDEAC71BC8B}.Debug|Any CPU.ActiveCfg = Debug|Any CPU
		{F435C6F2-6F6C-4321-A22F-5EDEAC71BC8B}.Debug|Any CPU.Build.0 = Debug|Any CPU
		{F435C6F2-6F6C-4321-A22F-5EDEAC71BC8B}.Release|Any CPU.ActiveCfg = Release|Any CPU
		{F435C6F2-6F6C-4321-A22F-5EDEAC71BC8B}.Release|Any CPU.Build.0 = Release|Any CPU
		{E6EE73DC-F238-4078-B406-394EAD9A97FD}.Debug|Any CPU.ActiveCfg = Debug|Any CPU
		{E6EE73DC-F238-4078-B406-394EAD9A97FD}.Debug|Any CPU.Build.0 = Debug|Any CPU
		{E6EE73DC-F238-4078-B406-394EAD9A97FD}.Release|Any CPU.ActiveCfg = Release|Any CPU
		{E6EE73DC-F238-4078-B406-394EAD9A97FD}.Release|Any CPU.Build.0 = Release|Any CPU
	EndGlobalSection
	GlobalSection(SolutionProperties) = preSolution
		HideSolutionNode = FALSE
	EndGlobalSection
	GlobalSection(ExtensibilityGlobals) = postSolution
		SolutionGuid = {3B6A8926-3520-4D1B-B158-DA069AC80C3C}
	EndGlobalSection
EndGlobal
