
Microsoft Visual Studio Solution File, Format Version 12.00
# Visual Studio Version 16
VisualStudioVersion = 16.0.30114.105
MinimumVisualStudioVersion = 10.0.40219.1
Project("{9A19103F-16F7-4668-BE54-9A1E7A4F7556}") = "TracerLib", "TracerLib\TracerLib.csproj", "{EF16E162-F875-472C-B7EC-590CC384CE6B}"
EndProject
Project("{9A19103F-16F7-4668-BE54-9A1E7A4F7556}") = "Tracer.Tests", "Tracer.Tests\Tracer.Tests.csproj", "{D6A65B54-8274-4419-B465-1235D5C80366}"
EndProject
Project("{9A19103F-16F7-4668-BE54-9A1E7A4F7556}") = "TracerOutput", "TracerOutput\TracerOutput.csproj", "{6C752BCE-98FB-4416-B269-D12E2904B9F3}"
	ProjectSection(ProjectDependencies) = postProject
		{EF16E162-F875-472C-B7EC-590CC384CE6B} = {EF16E162-F875-472C-B7EC-590CC384CE6B}
	EndProjectSection
EndProject
Global
	GlobalSection(SolutionConfigurationPlatforms) = preSolution
		Debug|Any CPU = Debug|Any CPU
		Release|Any CPU = Release|Any CPU
	EndGlobalSection
	GlobalSection(ProjectConfigurationPlatforms) = postSolution
		{EF16E162-F875-472C-B7EC-590CC384CE6B}.Debug|Any CPU.ActiveCfg = Debug|Any CPU
		{EF16E162-F875-472C-B7EC-590CC384CE6B}.Debug|Any CPU.Build.0 = Debug|Any CPU
		{EF16E162-F875-472C-B7EC-590CC384CE6B}.Release|Any CPU.ActiveCfg = Release|Any CPU
		{EF16E162-F875-472C-B7EC-590CC384CE6B}.Release|Any CPU.Build.0 = Release|Any CPU
		{D6A65B54-8274-4419-B465-1235D5C80366}.Debug|Any CPU.ActiveCfg = Debug|Any CPU
		{D6A65B54-8274-4419-B465-1235D5C80366}.Debug|Any CPU.Build.0 = Debug|Any CPU
		{D6A65B54-8274-4419-B465-1235D5C80366}.Release|Any CPU.ActiveCfg = Release|Any CPU
		{D6A65B54-8274-4419-B465-1235D5C80366}.Release|Any CPU.Build.0 = Release|Any CPU
		{6C752BCE-98FB-4416-B269-D12E2904B9F3}.Debug|Any CPU.ActiveCfg = Debug|Any CPU
		{6C752BCE-98FB-4416-B269-D12E2904B9F3}.Debug|Any CPU.Build.0 = Debug|Any CPU
		{6C752BCE-98FB-4416-B269-D12E2904B9F3}.Release|Any CPU.ActiveCfg = Release|Any CPU
		{6C752BCE-98FB-4416-B269-D12E2904B9F3}.Release|Any CPU.Build.0 = Release|Any CPU
	EndGlobalSection
	GlobalSection(SolutionProperties) = preSolution
		HideSolutionNode = FALSE
	EndGlobalSection
	GlobalSection(ExtensibilityGlobals) = postSolution
		SolutionGuid = {EE1DD010-FFEE-46F2-A693-791C7CBB105F}
	EndGlobalSection
EndGlobal
